
Microsoft Visual Studio Solution File, Format Version 12.00
# Visual Studio Version 16
VisualStudioVersion = 16.0.31410.357
MinimumVisualStudioVersion = 10.0.40219.1
Project("{FAE04EC0-301F-11D3-BF4B-00C04F79EFBC}") = "DoctorWho", "DoctorWho.csproj", "{0807DDB9-78A3-40E2-B849-F5C271EC8969}"
EndProject
Project("{FAE04EC0-301F-11D3-BF4B-00C04F79EFBC}") = "DoctorWho.Db", "..\DoctorWho.Db\DoctorWho.Db.csproj", "{AD19D82A-4E97-431E-AD60-EE81D9F8C982}"
EndProject
Global
	GlobalSection(SolutionConfigurationPlatforms) = preSolution
		Debug|Any CPU = Debug|Any CPU
		Release|Any CPU = Release|Any CPU
	EndGlobalSection
	GlobalSection(ProjectConfigurationPlatforms) = postSolution
		{0807DDB9-78A3-40E2-B849-F5C271EC8969}.Debug|Any CPU.ActiveCfg = Debug|Any CPU
		{0807DDB9-78A3-40E2-B849-F5C271EC8969}.Debug|Any CPU.Build.0 = Debug|Any CPU
		{0807DDB9-78A3-40E2-B849-F5C271EC8969}.Release|Any CPU.ActiveCfg = Release|Any CPU
		{0807DDB9-78A3-40E2-B849-F5C271EC8969}.Release|Any CPU.Build.0 = Release|Any CPU
		{AD19D82A-4E97-431E-AD60-EE81D9F8C982}.Debug|Any CPU.ActiveCfg = Debug|Any CPU
		{AD19D82A-4E97-431E-AD60-EE81D9F8C982}.Debug|Any CPU.Build.0 = Debug|Any CPU
		{AD19D82A-4E97-431E-AD60-EE81D9F8C982}.Release|Any CPU.ActiveCfg = Release|Any CPU
		{AD19D82A-4E97-431E-AD60-EE81D9F8C982}.Release|Any CPU.Build.0 = Release|Any CPU
	EndGlobalSection
	GlobalSection(SolutionProperties) = preSolution
		HideSolutionNode = FALSE
	EndGlobalSection
	GlobalSection(ExtensibilityGlobals) = postSolution
		SolutionGuid = {BD5E09AD-8779-4BA8-AB1A-47FA323376FE}
	EndGlobalSection
EndGlobal
